
Microsoft Visual Studio Solution File, Format Version 12.00
# Visual Studio 15
VisualStudioVersion = 15.0.28307.705
MinimumVisualStudioVersion = 10.0.40219.1
Project("{FAE04EC0-301F-11D3-BF4B-00C04F79EFBC}") = "MemoryLeak", "MemoryLeak\MemoryLeak.csproj", "{75C2DE70-F85F-406C-BF17-1468A496559D}"
EndProject
Global
	GlobalSection(SolutionConfigurationPlatforms) = preSolution
		Debug|Any CPU = Debug|Any CPU
		Release|Any CPU = Release|Any CPU
	EndGlobalSection
	GlobalSection(ProjectConfigurationPlatforms) = postSolution
		{75C2DE70-F85F-406C-BF17-1468A496559D}.Debug|Any CPU.ActiveCfg = Debug|Any CPU
		{75C2DE70-F85F-406C-BF17-1468A496559D}.Debug|Any CPU.Build.0 = Debug|Any CPU
		{75C2DE70-F85F-406C-BF17-1468A496559D}.Release|Any CPU.ActiveCfg = Release|Any CPU
		{75C2DE70-F85F-406C-BF17-1468A496559D}.Release|Any CPU.Build.0 = Release|Any CPU
	EndGlobalSection
	GlobalSection(SolutionProperties) = preSolution
		HideSolutionNode = FALSE
	EndGlobalSection
	GlobalSection(ExtensibilityGlobals) = postSolution
		SolutionGuid = {926CC3F5-68F1-4BA2-A5D1-CCDD9670C619}
	EndGlobalSection
EndGlobal
